
Microsoft Visual Studio Solution File, Format Version 12.00
# Visual Studio Version 16
VisualStudioVersion = 16.0.31605.320
MinimumVisualStudioVersion = 10.0.40219.1
Project("{FAE04EC0-301F-11D3-BF4B-00C04F79EFBC}") = "Bankomat", "Bankomat.csproj", "{0B1EAB41-216E-47C6-86B8-96DCF0E7ECD9}"
EndProject
Global
	GlobalSection(SolutionConfigurationPlatforms) = preSolution
		Debug|Any CPU = Debug|Any CPU
		Release|Any CPU = Release|Any CPU
	EndGlobalSection
	GlobalSection(ProjectConfigurationPlatforms) = postSolution
		{0B1EAB41-216E-47C6-86B8-96DCF0E7ECD9}.Debug|Any CPU.ActiveCfg = Debug|Any CPU
		{0B1EAB41-216E-47C6-86B8-96DCF0E7ECD9}.Debug|Any CPU.Build.0 = Debug|Any CPU
		{0B1EAB41-216E-47C6-86B8-96DCF0E7ECD9}.Release|Any CPU.ActiveCfg = Release|Any CPU
		{0B1EAB41-216E-47C6-86B8-96DCF0E7ECD9}.Release|Any CPU.Build.0 = Release|Any CPU
	EndGlobalSection
	GlobalSection(SolutionProperties) = preSolution
		HideSolutionNode = FALSE
	EndGlobalSection
	GlobalSection(ExtensibilityGlobals) = postSolution
		SolutionGuid = {DC517D07-0C53-4EBF-AD9C-4B10EB81276B}
	EndGlobalSection
EndGlobal
